
Microsoft Visual Studio Solution File, Format Version 12.00
# Visual Studio 14
VisualStudioVersion = 14.0.25420.1
MinimumVisualStudioVersion = 10.0.40219.1
Project("{FAE04EC0-301F-11D3-BF4B-00C04F79EFBC}") = "Ahbab.Droid", "Ahbab\Ahbab.Droid\Ahbab.Droid.csproj", "{FB7CA8A2-6E59-40F9-A0D9-D6C50919B799}"
EndProject
Project("{FAE04EC0-301F-11D3-BF4B-00C04F79EFBC}") = "Ahbab", "Ahbab\Ahbab\Ahbab.csproj", "{6CC4B264-78A1-48C5-BF1F-2B7A8F9954F9}"
EndProject
Project("{FAE04EC0-301F-11D3-BF4B-00C04F79EFBC}") = "Ahbab.iOS", "Ahbab\Ahbab.iOS\Ahbab.iOS.csproj", "{226B44E4-C9FF-4562-A771-64F63FACAEAA}"
EndProject
Project("{D954291E-2A0B-460D-934E-DC6B0785DB48}") = "SharedCode", "SharedCode\SharedCode.shproj", "{3C992E50-E249-4C2E-B9B8-B279DCD760BD}"
EndProject
Global
	GlobalSection(SharedMSBuildProjectFiles) = preSolution
		SharedCode\SharedCode.projitems*{226b44e4-c9ff-4562-a771-64f63facaeaa}*SharedItemsImports = 4
		SharedCode\SharedCode.projitems*{3c992e50-e249-4c2e-b9b8-b279dcd760bd}*SharedItemsImports = 13
		SharedCode\SharedCode.projitems*{fb7ca8a2-6e59-40f9-a0d9-d6c50919b799}*SharedItemsImports = 4
	EndGlobalSection
	GlobalSection(SolutionConfigurationPlatforms) = preSolution
		AppStore|Any CPU = AppStore|Any CPU
		AppStore|ARM = AppStore|ARM
		AppStore|iPhone = AppStore|iPhone
		AppStore|iPhoneSimulator = AppStore|iPhoneSimulator
		AppStore|x86 = AppStore|x86
		Debug|Any CPU = Debug|Any CPU
		Debug|ARM = Debug|ARM
		Debug|iPhone = Debug|iPhone
		Debug|iPhoneSimulator = Debug|iPhoneSimulator
		Debug|x86 = Debug|x86
		Release|Any CPU = Release|Any CPU
		Release|ARM = Release|ARM
		Release|iPhone = Release|iPhone
		Release|iPhoneSimulator = Release|iPhoneSimulator
		Release|x86 = Release|x86
	EndGlobalSection
	GlobalSection(ProjectConfigurationPlatforms) = postSolution
		{FB7CA8A2-6E59-40F9-A0D9-D6C50919B799}.AppStore|Any CPU.ActiveCfg = Release|Any CPU
		{FB7CA8A2-6E59-40F9-A0D9-D6C50919B799}.AppStore|Any CPU.Build.0 = Release|Any CPU
		{FB7CA8A2-6E59-40F9-A0D9-D6C50919B799}.AppStore|Any CPU.Deploy.0 = Release|Any CPU
		{FB7CA8A2-6E59-40F9-A0D9-D6C50919B799}.AppStore|ARM.ActiveCfg = Release|Any CPU
		{FB7CA8A2-6E59-40F9-A0D9-D6C50919B799}.AppStore|ARM.Build.0 = Release|Any CPU
		{FB7CA8A2-6E59-40F9-A0D9-D6C50919B799}.AppStore|ARM.Deploy.0 = Release|Any CPU
		{FB7CA8A2-6E59-40F9-A0D9-D6C50919B799}.AppStore|iPhone.ActiveCfg = Release|Any CPU
		{FB7CA8A2-6E59-40F9-A0D9-D6C50919B799}.AppStore|iPhone.Build.0 = Release|Any CPU
		{FB7CA8A2-6E59-40F9-A0D9-D6C50919B799}.AppStore|iPhone.Deploy.0 = Release|Any CPU
		{FB7CA8A2-6E59-40F9-A0D9-D6C50919B799}.AppStore|iPhoneSimulator.ActiveCfg = Release|Any CPU
		{FB7CA8A2-6E59-40F9-A0D9-D6C50919B799}.AppStore|iPhoneSimulator.Build.0 = Release|Any CPU
		{FB7CA8A2-6E59-40F9-A0D9-D6C50919B799}.AppStore|iPhoneSimulator.Deploy.0 = Release|Any CPU
		{FB7CA8A2-6E59-40F9-A0D9-D6C50919B799}.AppStore|x86.ActiveCfg = Release|Any CPU
		{FB7CA8A2-6E59-40F9-A0D9-D6C50919B799}.AppStore|x86.Build.0 = Release|Any CPU
		{FB7CA8A2-6E59-40F9-A0D9-D6C50919B799}.AppStore|x86.Deploy.0 = Release|Any CPU
		{FB7CA8A2-6E59-40F9-A0D9-D6C50919B799}.Debug|Any CPU.ActiveCfg = Debug|Any CPU
		{FB7CA8A2-6E59-40F9-A0D9-D6C50919B799}.Debug|Any CPU.Build.0 = Debug|Any CPU
		{FB7CA8A2-6E59-40F9-A0D9-D6C50919B799}.Debug|Any CPU.Deploy.0 = Debug|Any CPU
		{FB7CA8A2-6E59-40F9-A0D9-D6C50919B799}.Debug|ARM.ActiveCfg = Debug|Any CPU
		{FB7CA8A2-6E59-40F9-A0D9-D6C50919B799}.Debug|ARM.Build.0 = Debug|Any CPU
		{FB7CA8A2-6E59-40F9-A0D9-D6C50919B799}.Debug|ARM.Deploy.0 = Debug|Any CPU
		{FB7CA8A2-6E59-40F9-A0D9-D6C50919B799}.Debug|iPhone.ActiveCfg = Debug|Any CPU
		{FB7CA8A2-6E59-40F9-A0D9-D6C50919B799}.Debug|iPhone.Build.0 = Debug|Any CPU
		{FB7CA8A2-6E59-40F9-A0D9-D6C50919B799}.Debug|iPhone.Deploy.0 = Debug|Any CPU
		{FB7CA8A2-6E59-40F9-A0D9-D6C50919B799}.Debug|iPhoneSimulator.ActiveCfg = Debug|Any CPU
		{FB7CA8A2-6E59-40F9-A0D9-D6C50919B799}.Debug|iPhoneSimulator.Build.0 = Debug|Any CPU
		{FB7CA8A2-6E59-40F9-A0D9-D6C50919B799}.Debug|iPhoneSimulator.Deploy.0 = Debug|Any CPU
		{FB7CA8A2-6E59-40F9-A0D9-D6C50919B799}.Debug|x86.ActiveCfg = Debug|Any CPU
		{FB7CA8A2-6E59-40F9-A0D9-D6C50919B799}.Debug|x86.Build.0 = Debug|Any CPU
		{FB7CA8A2-6E59-40F9-A0D9-D6C50919B799}.Debug|x86.Deploy.0 = Debug|Any CPU
		{FB7CA8A2-6E59-40F9-A0D9-D6C50919B799}.Release|Any CPU.ActiveCfg = Release|Any CPU
		{FB7CA8A2-6E59-40F9-A0D9-D6C50919B799}.Release|Any CPU.Build.0 = Release|Any CPU
		{FB7CA8A2-6E59-40F9-A0D9-D6C50919B799}.Release|Any CPU.Deploy.0 = Release|Any CPU
		{FB7CA8A2-6E59-40F9-A0D9-D6C50919B799}.Release|ARM.ActiveCfg = Release|Any CPU
		{FB7CA8A2-6E59-40F9-A0D9-D6C50919B799}.Release|ARM.Build.0 = Release|Any CPU
		{FB7CA8A2-6E59-40F9-A0D9-D6C50919B799}.Release|ARM.Deploy.0 = Release|Any CPU
		{FB7CA8A2-6E59-40F9-A0D9-D6C50919B799}.Release|iPhone.ActiveCfg = Release|Any CPU
		{FB7CA8A2-6E59-40F9-A0D9-D6C50919B799}.Release|iPhone.Build.0 = Release|Any CPU
		{FB7CA8A2-6E59-40F9-A0D9-D6C50919B799}.Release|iPhone.Deploy.0 = Release|Any CPU
		{FB7CA8A2-6E59-40F9-A0D9-D6C50919B799}.Release|iPhoneSimulator.ActiveCfg = Release|Any CPU
		{FB7CA8A2-6E59-40F9-A0D9-D6C50919B799}.Release|iPhoneSimulator.Build.0 = Release|Any CPU
		{FB7CA8A2-6E59-40F9-A0D9-D6C50919B799}.Release|iPhoneSimulator.Deploy.0 = Release|Any CPU
		{FB7CA8A2-6E59-40F9-A0D9-D6C50919B799}.Release|x86.ActiveCfg = Release|Any CPU
		{FB7CA8A2-6E59-40F9-A0D9-D6C50919B799}.Release|x86.Build.0 = Release|Any CPU
		{FB7CA8A2-6E59-40F9-A0D9-D6C50919B799}.Release|x86.Deploy.0 = Release|Any CPU
		{6CC4B264-78A1-48C5-BF1F-2B7A8F9954F9}.AppStore|Any CPU.ActiveCfg = Release|Any CPU
		{6CC4B264-78A1-48C5-BF1F-2B7A8F9954F9}.AppStore|Any CPU.Build.0 = Release|Any CPU
		{6CC4B264-78A1-48C5-BF1F-2B7A8F9954F9}.AppStore|ARM.ActiveCfg = Release|Any CPU
		{6CC4B264-78A1-48C5-BF1F-2B7A8F9954F9}.AppStore|ARM.Build.0 = Release|Any CPU
		{6CC4B264-78A1-48C5-BF1F-2B7A8F9954F9}.AppStore|iPhone.ActiveCfg = Release|Any CPU
		{6CC4B264-78A1-48C5-BF1F-2B7A8F9954F9}.AppStore|iPhone.Build.0 = Release|Any CPU
		{6CC4B264-78A1-48C5-BF1F-2B7A8F9954F9}.AppStore|iPhoneSimulator.ActiveCfg = Release|Any CPU
		{6CC4B264-78A1-48C5-BF1F-2B7A8F9954F9}.AppStore|iPhoneSimulator.Build.0 = Release|Any CPU
		{6CC4B264-78A1-48C5-BF1F-2B7A8F9954F9}.AppStore|x86.ActiveCfg = Release|Any CPU
		{6CC4B264-78A1-48C5-BF1F-2B7A8F9954F9}.AppStore|x86.Build.0 = Release|Any CPU
		{6CC4B264-78A1-48C5-BF1F-2B7A8F9954F9}.Debug|Any CPU.ActiveCfg = Debug|Any CPU
		{6CC4B264-78A1-48C5-BF1F-2B7A8F9954F9}.Debug|Any CPU.Build.0 = Debug|Any CPU
		{6CC4B264-78A1-48C5-BF1F-2B7A8F9954F9}.Debug|ARM.ActiveCfg = Debug|Any CPU
		{6CC4B264-78A1-48C5-BF1F-2B7A8F9954F9}.Debug|ARM.Build.0 = Debug|Any CPU
		{6CC4B264-78A1-48C5-BF1F-2B7A8F9954F9}.Debug|iPhone.ActiveCfg = Debug|Any CPU
		{6CC4B264-78A1-48C5-BF1F-2B7A8F9954F9}.Debug|iPhone.Build.0 = Debug|Any CPU
		{6CC4B264-78A1-48C5-BF1F-2B7A8F9954F9}.Debug|iPhoneSimulator.ActiveCfg = Debug|Any CPU
		{6CC4B264-78A1-48C5-BF1F-2B7A8F9954F9}.Debug|iPhoneSimulator.Build.0 = Debug|Any CPU
		{6CC4B264-78A1-48C5-BF1F-2B7A8F9954F9}.Debug|x86.ActiveCfg = Debug|Any CPU
		{6CC4B264-78A1-48C5-BF1F-2B7A8F9954F9}.Debug|x86.Build.0 = Debug|Any CPU
		{6CC4B264-78A1-48C5-BF1F-2B7A8F9954F9}.Release|Any CPU.ActiveCfg = Release|Any CPU
		{6CC4B264-78A1-48C5-BF1F-2B7A8F9954F9}.Release|Any CPU.Build.0 = Release|Any CPU
		{6CC4B264-78A1-48C5-BF1F-2B7A8F9954F9}.Release|ARM.ActiveCfg = Release|Any CPU
		{6CC4B264-78A1-48C5-BF1F-2B7A8F9954F9}.Release|ARM.Build.0 = Release|Any CPU
		{6CC4B264-78A1-48C5-BF1F-2B7A8F9954F9}.Release|iPhone.ActiveCfg = Release|Any CPU
		{6CC4B264-78A1-48C5-BF1F-2B7A8F9954F9}.Release|iPhone.Build.0 = Release|Any CPU
		{6CC4B264-78A1-48C5-BF1F-2B7A8F9954F9}.Release|iPhoneSimulator.ActiveCfg = Release|Any CPU
		{6CC4B264-78A1-48C5-BF1F-2B7A8F9954F9}.Release|iPhoneSimulator.Build.0 = Release|Any CPU
		{6CC4B264-78A1-48C5-BF1F-2B7A8F9954F9}.Release|x86.ActiveCfg = Release|Any CPU
		{6CC4B264-78A1-48C5-BF1F-2B7A8F9954F9}.Release|x86.Build.0 = Release|Any CPU
		{226B44E4-C9FF-4562-A771-64F63FACAEAA}.AppStore|Any CPU.ActiveCfg = Release|iPhoneSimulator
		{226B44E4-C9FF-4562-A771-64F63FACAEAA}.AppStore|Any CPU.Build.0 = Release|iPhoneSimulator
		{226B44E4-C9FF-4562-A771-64F63FACAEAA}.AppStore|ARM.ActiveCfg = Release|iPhoneSimulator
		{226B44E4-C9FF-4562-A771-64F63FACAEAA}.AppStore|ARM.Build.0 = Release|iPhoneSimulator
		{226B44E4-C9FF-4562-A771-64F63FACAEAA}.AppStore|iPhone.ActiveCfg = Release|iPhone
		{226B44E4-C9FF-4562-A771-64F63FACAEAA}.AppStore|iPhone.Build.0 = Release|iPhone
		{226B44E4-C9FF-4562-A771-64F63FACAEAA}.AppStore|iPhoneSimulator.ActiveCfg = Release|iPhoneSimulator
		{226B44E4-C9FF-4562-A771-64F63FACAEAA}.AppStore|iPhoneSimulator.Build.0 = Release|iPhoneSimulator
		{226B44E4-C9FF-4562-A771-64F63FACAEAA}.AppStore|x86.ActiveCfg = Release|iPhoneSimulator
		{226B44E4-C9FF-4562-A771-64F63FACAEAA}.AppStore|x86.Build.0 = Release|iPhoneSimulator
		{226B44E4-C9FF-4562-A771-64F63FACAEAA}.Debug|Any CPU.ActiveCfg = Debug|iPhone
		{226B44E4-C9FF-4562-A771-64F63FACAEAA}.Debug|ARM.ActiveCfg = Debug|iPhone
		{226B44E4-C9FF-4562-A771-64F63FACAEAA}.Debug|iPhone.ActiveCfg = Debug|iPhone
		{226B44E4-C9FF-4562-A771-64F63FACAEAA}.Debug|iPhone.Build.0 = Debug|iPhone
		{226B44E4-C9FF-4562-A771-64F63FACAEAA}.Debug|iPhoneSimulator.ActiveCfg = Debug|iPhoneSimulator
		{226B44E4-C9FF-4562-A771-64F63FACAEAA}.Debug|iPhoneSimulator.Build.0 = Debug|iPhoneSimulator
		{226B44E4-C9FF-4562-A771-64F63FACAEAA}.Debug|x86.ActiveCfg = Debug|iPhone
		{226B44E4-C9FF-4562-A771-64F63FACAEAA}.Release|Any CPU.ActiveCfg = Release|iPhone
		{226B44E4-C9FF-4562-A771-64F63FACAEAA}.Release|ARM.ActiveCfg = Release|iPhone
		{226B44E4-C9FF-4562-A771-64F63FACAEAA}.Release|iPhone.ActiveCfg = Release|iPhone
		{226B44E4-C9FF-4562-A771-64F63FACAEAA}.Release|iPhone.Build.0 = Release|iPhone
		{226B44E4-C9FF-4562-A771-64F63FACAEAA}.Release|iPhoneSimulator.ActiveCfg = Release|iPhoneSimulator
		{226B44E4-C9FF-4562-A771-64F63FACAEAA}.Release|iPhoneSimulator.Build.0 = Release|iPhoneSimulator
		{226B44E4-C9FF-4562-A771-64F63FACAEAA}.Release|x86.ActiveCfg = Release|iPhone
	EndGlobalSection
	GlobalSection(SolutionProperties) = preSolution
		HideSolutionNode = FALSE
	EndGlobalSection
	GlobalSection(MonoDevelopProperties) = preSolution
		Policies = $0
		$0.DotNetNamingPolicy = $1
		$1.DirectoryNamespaceAssociation = None
		$1.ResourceNamePolicy = FileFormatDefault
		$0.TextStylePolicy = $2
		$2.inheritsSet = null
		$2.scope = text/x-csharp
		$0.CSharpFormattingPolicy = $3
		$3.IndentSwitchSection = True
		$3.NewLinesForBracesInProperties = True
		$3.NewLinesForBracesInAccessors = True
		$3.NewLinesForBracesInAnonymousMethods = True
		$3.NewLinesForBracesInControlBlocks = True
		$3.NewLinesForBracesInAnonymousTypes = True
		$3.NewLinesForBracesInObjectCollectionArrayInitializers = True
		$3.NewLinesForBracesInLambdaExpressionBody = True
		$3.NewLineForElse = True
		$3.NewLineForCatch = True
		$3.NewLineForFinally = True
		$3.NewLineForMembersInObjectInit = True
		$3.NewLineForMembersInAnonymousTypes = True
		$3.NewLineForClausesInQuery = True
		$3.SpacingAfterMethodDeclarationName = False
		$3.SpaceAfterMethodCallName = False
		$3.SpaceBeforeOpenSquareBracket = False
		$3.inheritsSet = Mono
		$3.inheritsScope = text/x-csharp
		$3.scope = text/x-csharp
		$0.StandardHeader = $4
		$4.Text = 
		$4.IncludeInNewFiles = True
		$0.VersionControlPolicy = $5
		$5.inheritsSet = Mono
	EndGlobalSection
EndGlobal
